
Microsoft Visual Studio Solution File, Format Version 12.00
# Visual Studio Version 17
VisualStudioVersion = 17.0.31903.59
MinimumVisualStudioVersion = 10.0.40219.1
Project("{2150E333-8FDC-42A3-9474-1A3956D46DE8}") = "src", "src", "{827E0CD3-B72D-47B6-A68D-7590B98EB39B}"
EndProject
Project("{FAE04EC0-301F-11D3-BF4B-00C04F79EFBC}") = "ParallelTestRunner", "src\ParallelTestRunner\ParallelTestRunner.csproj", "{28F80787-88EA-4FDA-9807-7BA973F92C1B}"
EndProject
Project("{2150E333-8FDC-42A3-9474-1A3956D46DE8}") = "tests", "tests", "{0AB3BF05-4346-4AA6-1389-037BE0695223}"
EndProject
Project("{FAE04EC0-301F-11D3-BF4B-00C04F79EFBC}") = "ParallelTestRunner.Tests", "tests\ParallelTestRunner.Tests\ParallelTestRunner.Tests.csproj", "{4A21A62F-4BFF-4A49-8532-05D2BF640B58}"
EndProject
Project("{FAE04EC0-301F-11D3-BF4B-00C04F79EFBC}") = "ParallelTestRunner.TestLogger", "src\ParallelTestRunner.TestLogger\ParallelTestRunner.TestLogger.csproj", "{F4EBCA80-F0ED-4B36-AADD-8615AE93EDDC}"
EndProject
Global
	GlobalSection(SolutionConfigurationPlatforms) = preSolution
		Debug|Any CPU = Debug|Any CPU
		Debug|x64 = Debug|x64
		Debug|x86 = Debug|x86
		Release|Any CPU = Release|Any CPU
		Release|x64 = Release|x64
		Release|x86 = Release|x86
	EndGlobalSection
	GlobalSection(ProjectConfigurationPlatforms) = postSolution
		{28F80787-88EA-4FDA-9807-7BA973F92C1B}.Debug|Any CPU.ActiveCfg = Debug|Any CPU
		{28F80787-88EA-4FDA-9807-7BA973F92C1B}.Debug|Any CPU.Build.0 = Debug|Any CPU
		{28F80787-88EA-4FDA-9807-7BA973F92C1B}.Debug|x64.ActiveCfg = Debug|Any CPU
		{28F80787-88EA-4FDA-9807-7BA973F92C1B}.Debug|x64.Build.0 = Debug|Any CPU
		{28F80787-88EA-4FDA-9807-7BA973F92C1B}.Debug|x86.ActiveCfg = Debug|Any CPU
		{28F80787-88EA-4FDA-9807-7BA973F92C1B}.Debug|x86.Build.0 = Debug|Any CPU
		{28F80787-88EA-4FDA-9807-7BA973F92C1B}.Release|Any CPU.ActiveCfg = Release|Any CPU
		{28F80787-88EA-4FDA-9807-7BA973F92C1B}.Release|Any CPU.Build.0 = Release|Any CPU
		{28F80787-88EA-4FDA-9807-7BA973F92C1B}.Release|x64.ActiveCfg = Release|Any CPU
		{28F80787-88EA-4FDA-9807-7BA973F92C1B}.Release|x64.Build.0 = Release|Any CPU
		{28F80787-88EA-4FDA-9807-7BA973F92C1B}.Release|x86.ActiveCfg = Release|Any CPU
		{28F80787-88EA-4FDA-9807-7BA973F92C1B}.Release|x86.Build.0 = Release|Any CPU
		{4A21A62F-4BFF-4A49-8532-05D2BF640B58}.Debug|Any CPU.ActiveCfg = Debug|Any CPU
		{4A21A62F-4BFF-4A49-8532-05D2BF640B58}.Debug|Any CPU.Build.0 = Debug|Any CPU
		{4A21A62F-4BFF-4A49-8532-05D2BF640B58}.Debug|x64.ActiveCfg = Debug|Any CPU
		{4A21A62F-4BFF-4A49-8532-05D2BF640B58}.Debug|x64.Build.0 = Debug|Any CPU
		{4A21A62F-4BFF-4A49-8532-05D2BF640B58}.Debug|x86.ActiveCfg = Debug|Any CPU
		{4A21A62F-4BFF-4A49-8532-05D2BF640B58}.Debug|x86.Build.0 = Debug|Any CPU
		{4A21A62F-4BFF-4A49-8532-05D2BF640B58}.Release|Any CPU.ActiveCfg = Release|Any CPU
		{4A21A62F-4BFF-4A49-8532-05D2BF640B58}.Release|Any CPU.Build.0 = Release|Any CPU
		{4A21A62F-4BFF-4A49-8532-05D2BF640B58}.Release|x64.ActiveCfg = Release|Any CPU
		{4A21A62F-4BFF-4A49-8532-05D2BF640B58}.Release|x64.Build.0 = Release|Any CPU
		{4A21A62F-4BFF-4A49-8532-05D2BF640B58}.Release|x86.ActiveCfg = Release|Any CPU
		{4A21A62F-4BFF-4A49-8532-05D2BF640B58}.Release|x86.Build.0 = Release|Any CPU
		{F4EBCA80-F0ED-4B36-AADD-8615AE93EDDC}.Debug|Any CPU.ActiveCfg = Debug|Any CPU
		{F4EBCA80-F0ED-4B36-AADD-8615AE93EDDC}.Debug|Any CPU.Build.0 = Debug|Any CPU
		{F4EBCA80-F0ED-4B36-AADD-8615AE93EDDC}.Debug|x64.ActiveCfg = Debug|Any CPU
		{F4EBCA80-F0ED-4B36-AADD-8615AE93EDDC}.Debug|x64.Build.0 = Debug|Any CPU
		{F4EBCA80-F0ED-4B36-AADD-8615AE93EDDC}.Debug|x86.ActiveCfg = Debug|Any CPU
		{F4EBCA80-F0ED-4B36-AADD-8615AE93EDDC}.Debug|x86.Build.0 = Debug|Any CPU
		{F4EBCA80-F0ED-4B36-AADD-8615AE93EDDC}.Release|Any CPU.ActiveCfg = Release|Any CPU
		{F4EBCA80-F0ED-4B36-AADD-8615AE93EDDC}.Release|Any CPU.Build.0 = Release|Any CPU
		{F4EBCA80-F0ED-4B36-AADD-8615AE93EDDC}.Release|x64.ActiveCfg = Release|Any CPU
		{F4EBCA80-F0ED-4B36-AADD-8615AE93EDDC}.Release|x64.Build.0 = Release|Any CPU
		{F4EBCA80-F0ED-4B36-AADD-8615AE93EDDC}.Release|x86.ActiveCfg = Release|Any CPU
		{F4EBCA80-F0ED-4B36-AADD-8615AE93EDDC}.Release|x86.Build.0 = Release|Any CPU
	EndGlobalSection
	GlobalSection(SolutionProperties) = preSolution
		HideSolutionNode = FALSE
	EndGlobalSection
	GlobalSection(NestedProjects) = preSolution
		{28F80787-88EA-4FDA-9807-7BA973F92C1B} = {827E0CD3-B72D-47B6-A68D-7590B98EB39B}
		{4A21A62F-4BFF-4A49-8532-05D2BF640B58} = {0AB3BF05-4346-4AA6-1389-037BE0695223}
		{F4EBCA80-F0ED-4B36-AADD-8615AE93EDDC} = {827E0CD3-B72D-47B6-A68D-7590B98EB39B}
	EndGlobalSection
EndGlobal
